// !$*UTF8*$!
{
	archiveVersion = 1;
	classes = {
	};
	objectVersion = 56;
	objects = {

/* Begin PBXBuildFile section */
		AF07B5C929683CB3008FF23A /* landmarkApp.swift in Sources */ = {isa = PBXBuildFile; fileRef = AF07B5C829683CB3008FF23A /* landmarkApp.swift */; };
		AF07B5CB29683CB3008FF23A /* ContentView.swift in Sources */ = {isa = PBXBuildFile; fileRef = AF07B5CA29683CB3008FF23A /* ContentView.swift */; };
		AF07B5CD29683CB3008FF23A /* Assets.xcassets in Resources */ = {isa = PBXBuildFile; fileRef = AF07B5CC29683CB3008FF23A /* Assets.xcassets */; };
		AF07B5D029683CB3008FF23A /* Preview Assets.xcassets in Resources */ = {isa = PBXBuildFile; fileRef = AF07B5CF29683CB3008FF23A /* Preview Assets.xcassets */; };
		AF07B5DA29683CB4008FF23A /* landmarkTests.swift in Sources */ = {isa = PBXBuildFile; fileRef = AF07B5D929683CB4008FF23A /* landmarkTests.swift */; };
		AF07B5E429683CB4008FF23A /* landmarkUITests.swift in Sources */ = {isa = PBXBuildFile; fileRef = AF07B5E329683CB4008FF23A /* landmarkUITests.swift */; };
		AF07B5E629683CB4008FF23A /* landmarkUITestsLaunchTests.swift in Sources */ = {isa = PBXBuildFile; fileRef = AF07B5E529683CB4008FF23A /* landmarkUITestsLaunchTests.swift */; };
/* End PBXBuildFile section */

/* Begin PBXContainerItemProxy section */
		AF07B5D629683CB4008FF23A /* PBXContainerItemProxy */ = {
			isa = PBXContainerItemProxy;
			containerPortal = AF07B5BD29683CB3008FF23A /* Project object */;
			proxyType = 1;
			remoteGlobalIDString = AF07B5C429683CB3008FF23A;
			remoteInfo = landmark;
		};
		AF07B5E029683CB4008FF23A /* PBXContainerItemProxy */ = {
			isa = PBXContainerItemProxy;
			containerPortal = AF07B5BD29683CB3008FF23A /* Project object */;
			proxyType = 1;
			remoteGlobalIDString = AF07B5C429683CB3008FF23A;
			remoteInfo = landmark;
		};
/* End PBXContainerItemProxy section */

/* Begin PBXFileReference section */
		AF07B5C529683CB3008FF23A /* landmark.app */ = {isa = PBXFileReference; explicitFileType = wrapper.application; includeInIndex = 0; path = landmark.app; sourceTree = BUILT_PRODUCTS_DIR; };
		AF07B5C829683CB3008FF23A /* landmarkApp.swift */ = {isa = PBXFileReference; lastKnownFileType = sourcecode.swift; path = landmarkApp.swift; sourceTree = "<group>"; };
		AF07B5CA29683CB3008FF23A /* ContentView.swift */ = {isa = PBXFileReference; lastKnownFileType = sourcecode.swift; path = ContentView.swift; sourceTree = "<group>"; };
		AF07B5CC29683CB3008FF23A /* Assets.xcassets */ = {isa = PBXFileReference; lastKnownFileType = folder.assetcatalog; path = Assets.xcassets; sourceTree = "<group>"; };
		AF07B5CF29683CB3008FF23A /* Preview Assets.xcassets */ = {isa = PBXFileReference; lastKnownFileType = folder.assetcatalog; path = "Preview Assets.xcassets"; sourceTree = "<group>"; };
		AF07B5D529683CB4008FF23A /* landmarkTests.xctest */ = {isa = PBXFileReference; explicitFileType = wrapper.cfbundle; includeInIndex = 0; path = landmarkTests.xctest; sourceTree = BUILT_PRODUCTS_DIR; };
		AF07B5D929683CB4008FF23A /* landmarkTests.swift */ = {isa = PBXFileReference; lastKnownFileType = sourcecode.swift; path = landmarkTests.swift; sourceTree = "<group>"; };
		AF07B5DF29683CB4008FF23A /* landmarkUITests.xctest */ = {isa = PBXFileReference; explicitFileType = wrapper.cfbundle; includeInIndex = 0; path = landmarkUITests.xctest; sourceTree = BUILT_PRODUCTS_DIR; };
		AF07B5E329683CB4008FF23A /* landmarkUITests.swift */ = {isa = PBXFileReference; lastKnownFileType = sourcecode.swift; path = landmarkUITests.swift; sourceTree = "<group>"; };
		AF07B5E529683CB4008FF23A /* landmarkUITestsLaunchTests.swift */ = {isa = PBXFileReference; lastKnownFileType = sourcecode.swift; path = landmarkUITestsLaunchTests.swift; sourceTree = "<group>"; };
/* End PBXFileReference section */

/* Begin PBXFrameworksBuildPhase section */
		AF07B5C229683CB3008FF23A /* Frameworks */ = {
			isa = PBXFrameworksBuildPhase;
			buildActionMask = 2147483647;
			files = (
			);
			runOnlyForDeploymentPostprocessing = 0;
		};
		AF07B5D229683CB4008FF23A /* Frameworks */ = {
			isa = PBXFrameworksBuildPhase;
			buildActionMask = 2147483647;
			files = (
			);
			runOnlyForDeploymentPostprocessing = 0;
		};
		AF07B5DC29683CB4008FF23A /* Frameworks */ = {
			isa = PBXFrameworksBuildPhase;
			buildActionMask = 2147483647;
			files = (
			);
			runOnlyForDeploymentPostprocessing = 0;
		};
/* End PBXFrameworksBuildPhase section */

/* Begin PBXGroup section */
		AF07B5BC29683CB3008FF23A = {
			isa = PBXGroup;
			children = (
				AF07B5C729683CB3008FF23A /* landmark */,
				AF07B5D829683CB4008FF23A /* landmarkTests */,
				AF07B5E229683CB4008FF23A /* landmarkUITests */,
				AF07B5C629683CB3008FF23A /* Products */,
			);
			sourceTree = "<group>";
		};
		AF07B5C629683CB3008FF23A /* Products */ = {
			isa = PBXGroup;
			children = (
				AF07B5C529683CB3008FF23A /* landmark.app */,
				AF07B5D529683CB4008FF23A /* landmarkTests.xctest */,
				AF07B5DF29683CB4008FF23A /* landmarkUITests.xctest */,
			);
			name = Products;
			sourceTree = "<group>";
		};
		AF07B5C729683CB3008FF23A /* landmark */ = {
			isa = PBXGroup;
			children = (
				AF07B5C829683CB3008FF23A /* landmarkApp.swift */,
				AF07B5CA29683CB3008FF23A /* ContentView.swift */,
				AF07B5CC29683CB3008FF23A /* Assets.xcassets */,
				AF07B5CE29683CB3008FF23A /* Preview Content */,
			);
			path = landmark;
			sourceTree = "<group>";
		};
		AF07B5CE29683CB3008FF23A /* Preview Content */ = {
			isa = PBXGroup;
			children = (
				AF07B5CF29683CB3008FF23A /* Preview Assets.xcassets */,
			);
			path = "Preview Content";
			sourceTree = "<group>";
		};
		AF07B5D829683CB4008FF23A /* landmarkTests */ = {
			isa = PBXGroup;
			children = (
				AF07B5D929683CB4008FF23A /* landmarkTests.swift */,
			);
			path = landmarkTests;
			sourceTree = "<group>";
		};
		AF07B5E229683CB4008FF23A /* landmarkUITests */ = {
			isa = PBXGroup;
			children = (
				AF07B5E329683CB4008FF23A /* landmarkUITests.swift */,
				AF07B5E529683CB4008FF23A /* landmarkUITestsLaunchTests.swift */,
			);
			path = landmarkUITests;
			sourceTree = "<group>";
		};
/* End PBXGroup section */

/* Begin PBXNativeTarget section */
		AF07B5C429683CB3008FF23A /* landmark */ = {
			isa = PBXNativeTarget;
			buildConfigurationList = AF07B5E929683CB4008FF23A /* Build configuration list for PBXNativeTarget "landmark" */;
			buildPhases = (
				AF07B5C129683CB3008FF23A /* Sources */,
				AF07B5C229683CB3008FF23A /* Frameworks */,
				AF07B5C329683CB3008FF23A /* Resources */,
			);
			buildRules = (
			);
			dependencies = (
			);
			name = landmark;
			productName = landmark;
			productReference = AF07B5C529683CB3008FF23A /* landmark.app */;
			productType = "com.apple.product-type.application";
		};
		AF07B5D429683CB4008FF23A /* landmarkTests */ = {
			isa = PBXNativeTarget;
			buildConfigurationList = AF07B5EC29683CB4008FF23A /* Build configuration list for PBXNativeTarget "landmarkTests" */;
			buildPhases = (
				AF07B5D129683CB4008FF23A /* Sources */,
				AF07B5D229683CB4008FF23A /* Frameworks */,
				AF07B5D329683CB4008FF23A /* Resources */,
			);
			buildRules = (
			);
			dependencies = (
				AF07B5D729683CB4008FF23A /* PBXTargetDependency */,
			);
			name = landmarkTests;
			productName = landmarkTests;
			productReference = AF07B5D529683CB4008FF23A /* landmarkTests.xctest */;
			productType = "com.apple.product-type.bundle.unit-test";
		};
		AF07B5DE29683CB4008FF23A /* landmarkUITests */ = {
			isa = PBXNativeTarget;
			buildConfigurationList = AF07B5EF29683CB4008FF23A /* Build configuration list for PBXNativeTarget "landmarkUITests" */;
			buildPhases = (
				AF07B5DB29683CB4008FF23A /* Sources */,
				AF07B5DC29683CB4008FF23A /* Frameworks */,
				AF07B5DD29683CB4008FF23A /* Resources */,
			);
			buildRules = (
			);
			dependencies = (
				AF07B5E129683CB4008FF23A /* PBXTargetDependency */,
			);
			name = landmarkUITests;
			productName = landmarkUITests;
			productReference = AF07B5DF29683CB4008FF23A /* landmarkUITests.xctest */;
			productType = "com.apple.product-type.bundle.ui-testing";
		};
/* End PBXNativeTarget section */

/* Begin PBXProject section */
		AF07B5BD29683CB3008FF23A /* Project object */ = {
			isa = PBXProject;
			attributes = {
				BuildIndependentTargetsInParallel = 1;
				LastSwiftUpdateCheck = 1420;
				LastUpgradeCheck = 1420;
				TargetAttributes = {
					AF07B5C429683CB3008FF23A = {
						CreatedOnToolsVersion = 14.2;
					};
					AF07B5D429683CB4008FF23A = {
						CreatedOnToolsVersion = 14.2;
						TestTargetID = AF07B5C429683CB3008FF23A;
					};
					AF07B5DE29683CB4008FF23A = {
						CreatedOnToolsVersion = 14.2;
						TestTargetID = AF07B5C429683CB3008FF23A;
					};
				};
			};
			buildConfigurationList = AF07B5C029683CB3008FF23A /* Build configuration list for PBXProject "landmark" */;
			compatibilityVersion = "Xcode 14.0";
			developmentRegion = en;
			hasScannedForEncodings = 0;
			knownRegions = (
				en,
				Base,
			);
			mainGroup = AF07B5BC29683CB3008FF23A;
			productRefGroup = AF07B5C629683CB3008FF23A /* Products */;
			projectDirPath = "";
			projectRoot = "";
			targets = (
				AF07B5C429683CB3008FF23A /* landmark */,
				AF07B5D429683CB4008FF23A /* landmarkTests */,
				AF07B5DE29683CB4008FF23A /* landmarkUITests */,
			);
		};
/* End PBXProject section */

/* Begin PBXResourcesBuildPhase section */
		AF07B5C329683CB3008FF23A /* Resources */ = {
			isa = PBXResourcesBuildPhase;
			buildActionMask = 2147483647;
			files = (
				AF07B5D029683CB3008FF23A /* Preview Assets.xcassets in Resources */,
				AF07B5CD29683CB3008FF23A /* Assets.xcassets in Resources */,
			);
			runOnlyForDeploymentPostprocessing = 0;
		};
		AF07B5D329683CB4008FF23A /* Resources */ = {
			isa = PBXResourcesBuildPhase;
			buildActionMask = 2147483647;
			files = (
			);
			runOnlyForDeploymentPostprocessing = 0;
		};
		AF07B5DD29683CB4008FF23A /* Resources */ = {
			isa = PBXResourcesBuildPhase;
			buildActionMask = 2147483647;
			files = (
			);
			runOnlyForDeploymentPostprocessing = 0;
		};
/* End PBXResourcesBuildPhase section */

/* Begin PBXSourcesBuildPhase section */
		AF07B5C129683CB3008FF23A /* Sources */ = {
			isa = PBXSourcesBuildPhase;
			buildActionMask = 2147483647;
			files = (
				AF07B5CB29683CB3008FF23A /* ContentView.swift in Sources */,
				AF07B5C929683CB3008FF23A /* landmarkApp.swift in Sources */,
			);
			runOnlyForDeploymentPostprocessing = 0;
		};
		AF07B5D129683CB4008FF23A /* Sources */ = {
			isa = PBXSourcesBuildPhase;
			buildActionMask = 2147483647;
			files = (
				AF07B5DA29683CB4008FF23A /* landmarkTests.swift in Sources */,
			);
			runOnlyForDeploymentPostprocessing = 0;
		};
		AF07B5DB29683CB4008FF23A /* Sources */ = {
			isa = PBXSourcesBuildPhase;
			buildActionMask = 2147483647;
			files = (
				AF07B5E629683CB4008FF23A /* landmarkUITestsLaunchTests.swift in Sources */,
				AF07B5E429683CB4008FF23A /* landmarkUITests.swift in Sources */,
			);
			runOnlyForDeploymentPostprocessing = 0;
		};
/* End PBXSourcesBuildPhase section */

/* Begin PBXTargetDependency section */
		AF07B5D729683CB4008FF23A /* PBXTargetDependency */ = {
			isa = PBXTargetDependency;
			target = AF07B5C429683CB3008FF23A /* landmark */;
			targetProxy = AF07B5D629683CB4008FF23A /* PBXContainerItemProxy */;
		};
		AF07B5E129683CB4008FF23A /* PBXTargetDependency */ = {
			isa = PBXTargetDependency;
			target = AF07B5C429683CB3008FF23A /* landmark */;
			targetProxy = AF07B5E029683CB4008FF23A /* PBXContainerItemProxy */;
		};
/* End PBXTargetDependency section */

/* Begin XCBuildConfiguration section */
		AF07B5E729683CB4008FF23A /* Debug */ = {
			isa = XCBuildConfiguration;
			buildSettings = {
				ALWAYS_SEARCH_USER_PATHS = NO;
				CLANG_ANALYZER_NONNULL = YES;
				CLANG_ANALYZER_NUMBER_OBJECT_CONVERSION = YES_AGGRESSIVE;
				CLANG_CXX_LANGUAGE_STANDARD = "gnu++20";
				CLANG_ENABLE_MODULES = YES;
				CLANG_ENABLE_OBJC_ARC = YES;
				CLANG_ENABLE_OBJC_WEAK = YES;
				CLANG_WARN_BLOCK_CAPTURE_AUTORELEASING = YES;
				CLANG_WARN_BOOL_CONVERSION = YES;
				CLANG_WARN_COMMA = YES;
				CLANG_WARN_CONSTANT_CONVERSION = YES;
				CLANG_WARN_DEPRECATED_OBJC_IMPLEMENTATIONS = YES;
				CLANG_WARN_DIRECT_OBJC_ISA_USAGE = YES_ERROR;
				CLANG_WARN_DOCUMENTATION_COMMENTS = YES;
				CLANG_WARN_EMPTY_BODY = YES;
				CLANG_WARN_ENUM_CONVERSION = YES;
				CLANG_WARN_INFINITE_RECURSION = YES;
				CLANG_WARN_INT_CONVERSION = YES;
				CLANG_WARN_NON_LITERAL_NULL_CONVERSION = YES;
				CLANG_WARN_OBJC_IMPLICIT_RETAIN_SELF = YES;
				CLANG_WARN_OBJC_LITERAL_CONVERSION = YES;
				CLANG_WARN_OBJC_ROOT_CLASS = YES_ERROR;
				CLANG_WARN_QUOTED_INCLUDE_IN_FRAMEWORK_HEADER = YES;
				CLANG_WARN_RANGE_LOOP_ANALYSIS = YES;
				CLANG_WARN_STRICT_PROTOTYPES = YES;
				CLANG_WARN_SUSPICIOUS_MOVE = YES;
				CLANG_WARN_UNGUARDED_AVAILABILITY = YES_AGGRESSIVE;
				CLANG_WARN_UNREACHABLE_CODE = YES;
				CLANG_WARN__DUPLICATE_METHOD_MATCH = YES;
				COPY_PHASE_STRIP = NO;
				DEBUG_INFORMATION_FORMAT = dwarf;
				ENABLE_STRICT_OBJC_MSGSEND = YES;
				ENABLE_TESTABILITY = YES;
				GCC_C_LANGUAGE_STANDARD = gnu11;
				GCC_DYNAMIC_NO_PIC = NO;
				GCC_NO_COMMON_BLOCKS = YES;
				GCC_OPTIMIZATION_LEVEL = 0;
				GCC_PREPROCESSOR_DEFINITIONS = (
					"DEBUG=1",
					"$(inherited)",
				);
				GCC_WARN_64_TO_32_BIT_CONVERSION = YES;
				GCC_WARN_ABOUT_RETURN_TYPE = YES_ERROR;
				GCC_WARN_UNDECLARED_SELECTOR = YES;
				GCC_WARN_UNINITIALIZED_AUTOS = YES_AGGRESSIVE;
				GCC_WARN_UNUSED_FUNCTION = YES;
				GCC_WARN_UNUSED_VARIABLE = YES;
				IPHONEOS_DEPLOYMENT_TARGET = 16.2;
				MTL_ENABLE_DEBUG_INFO = INCLUDE_SOURCE;
				MTL_FAST_MATH = YES;
				ONLY_ACTIVE_ARCH = YES;
				SDKROOT = iphoneos;
				SWIFT_ACTIVE_COMPILATION_CONDITIONS = DEBUG;
				SWIFT_OPTIMIZATION_LEVEL = "-Onone";
			};
			name = Debug;
		};
		AF07B5E829683CB4008FF23A /* Release */ = {
			isa = XCBuildConfiguration;
			buildSettings = {
				ALWAYS_SEARCH_USER_PATHS = NO;
				CLANG_ANALYZER_NONNULL = YES;
				CLANG_ANALYZER_NUMBER_OBJECT_CONVERSION = YES_AGGRESSIVE;
				CLANG_CXX_LANGUAGE_STANDARD = "gnu++20";
				CLANG_ENABLE_MODULES = YES;
				CLANG_ENABLE_OBJC_ARC = YES;
				CLANG_ENABLE_OBJC_WEAK = YES;
				CLANG_WARN_BLOCK_CAPTURE_AUTORELEASING = YES;
				CLANG_WARN_BOOL_CONVERSION = YES;
				CLANG_WARN_COMMA = YES;
				CLANG_WARN_CONSTANT_CONVERSION = YES;
				CLANG_WARN_DEPRECATED_OBJC_IMPLEMENTATIONS = YES;
				CLANG_WARN_DIRECT_OBJC_ISA_USAGE = YES_ERROR;
				CLANG_WARN_DOCUMENTATION_COMMENTS = YES;
				CLANG_WARN_EMPTY_BODY = YES;
				CLANG_WARN_ENUM_CONVERSION = YES;
				CLANG_WARN_INFINITE_RECURSION = YES;
				CLANG_WARN_INT_CONVERSION = YES;
				CLANG_WARN_NON_LITERAL_NULL_CONVERSION = YES;
				CLANG_WARN_OBJC_IMPLICIT_RETAIN_SELF = YES;
				CLANG_WARN_OBJC_LITERAL_CONVERSION = YES;
				CLANG_WARN_OBJC_ROOT_CLASS = YES_ERROR;
				CLANG_WARN_QUOTED_INCLUDE_IN_FRAMEWORK_HEADER = YES;
				CLANG_WARN_RANGE_LOOP_ANALYSIS = YES;
				CLANG_WARN_STRICT_PROTOTYPES = YES;
				CLANG_WARN_SUSPICIOUS_MOVE = YES;
				CLANG_WARN_UNGUARDED_AVAILABILITY = YES_AGGRESSIVE;
				CLANG_WARN_UNREACHABLE_CODE = YES;
				CLANG_WARN__DUPLICATE_METHOD_MATCH = YES;
				COPY_PHASE_STRIP = NO;
				DEBUG_INFORMATION_FORMAT = "dwarf-with-dsym";
				ENABLE_NS_ASSERTIONS = NO;
				ENABLE_STRICT_OBJC_MSGSEND = YES;
				GCC_C_LANGUAGE_STANDARD = gnu11;
				GCC_NO_COMMON_BLOCKS = YES;
				GCC_WARN_64_TO_32_BIT_CONVERSION = YES;
				GCC_WARN_ABOUT_RETURN_TYPE = YES_ERROR;
				GCC_WARN_UNDECLARED_SELECTOR = YES;
				GCC_WARN_UNINITIALIZED_AUTOS = YES_AGGRESSIVE;
				GCC_WARN_UNUSED_FUNCTION = YES;
				GCC_WARN_UNUSED_VARIABLE = YES;
				IPHONEOS_DEPLOYMENT_TARGET = 16.2;
				MTL_ENABLE_DEBUG_INFO = NO;
				MTL_FAST_MATH = YES;
				SDKROOT = iphoneos;
				SWIFT_COMPILATION_MODE = wholemodule;
				SWIFT_OPTIMIZATION_LEVEL = "-O";
				VALIDATE_PRODUCT = YES;
			};
			name = Release;
		};
		AF07B5EA29683CB4008FF23A /* Debug */ = {
			isa = XCBuildConfiguration;
			buildSettings = {
				ASSETCATALOG_COMPILER_APPICON_NAME = AppIcon;
				ASSETCATALOG_COMPILER_GLOBAL_ACCENT_COLOR_NAME = AccentColor;
				CODE_SIGN_STYLE = Automatic;
				CURRENT_PROJECT_VERSION = 1;
				DEVELOPMENT_ASSET_PATHS = "\"landmark/Preview Content\"";
				DEVELOPMENT_TEAM = PJL4STJU48;
				ENABLE_PREVIEWS = YES;
				GENERATE_INFOPLIST_FILE = YES;
				INFOPLIST_KEY_UIApplicationSceneManifest_Generation = YES;
				INFOPLIST_KEY_UIApplicationSupportsIndirectInputEvents = YES;
				INFOPLIST_KEY_UILaunchScreen_Generation = YES;
				INFOPLIST_KEY_UISupportedInterfaceOrientations_iPad = "UIInterfaceOrientationPortrait UIInterfaceOrientationPortraitUpsideDown UIInterfaceOrientationLandscapeLeft UIInterfaceOrientationLandscapeRight";
				INFOPLIST_KEY_UISupportedInterfaceOrientations_iPhone = "UIInterfaceOrientationPortrait UIInterfaceOrientationLandscapeLeft UIInterfaceOrientationLandscapeRight";
				LD_RUNPATH_SEARCH_PATHS = (
					"$(inherited)",
					"@executable_path/Frameworks",
				);
				MARKETING_VERSION = 1.0;
				PRODUCT_BUNDLE_IDENTIFIER = wuqj.learn.landmark;
				PRODUCT_NAME = "$(TARGET_NAME)";
				SWIFT_EMIT_LOC_STRINGS = YES;
				SWIFT_VERSION = 5.0;
				TARGETED_DEVICE_FAMILY = "1,2";
			};
			name = Debug;
		};
		AF07B5EB29683CB4008FF23A /* Release */ = {
			isa = XCBuildConfiguration;
			buildSettings = {
				ASSETCATALOG_COMPILER_APPICON_NAME = AppIcon;
				ASSETCATALOG_COMPILER_GLOBAL_ACCENT_COLOR_NAME = AccentColor;
				CODE_SIGN_STYLE = Automatic;
				CURRENT_PROJECT_VERSION = 1;
				DEVELOPMENT_ASSET_PATHS = "\"landmark/Preview Content\"";
				DEVELOPMENT_TEAM = PJL4STJU48;
				ENABLE_PREVIEWS = YES;
				GENERATE_INFOPLIST_FILE = YES;
				INFOPLIST_KEY_UIApplicationSceneManifest_Generation = YES;
				INFOPLIST_KEY_UIApplicationSupportsIndirectInputEvents = YES;
				INFOPLIST_KEY_UILaunchScreen_Generation = YES;
				INFOPLIST_KEY_UISupportedInterfaceOrientations_iPad = "UIInterfaceOrientationPortrait UIInterfaceOrientationPortraitUpsideDown UIInterfaceOrientationLandscapeLeft UIInterfaceOrientationLandscapeRight";
				INFOPLIST_KEY_UISupportedInterfaceOrientations_iPhone = "UIInterfaceOrientationPortrait UIInterfaceOrientationLandscapeLeft UIInterfaceOrientationLandscapeRight";
				LD_RUNPATH_SEARCH_PATHS = (
					"$(inherited)",
					"@executable_path/Frameworks",
				);
				MARKETING_VERSION = 1.0;
				PRODUCT_BUNDLE_IDENTIFIER = wuqj.learn.landmark;
				PRODUCT_NAME = "$(TARGET_NAME)";
				SWIFT_EMIT_LOC_STRINGS = YES;
				SWIFT_VERSION = 5.0;
				TARGETED_DEVICE_FAMILY = "1,2";
			};
			name = Release;
		};
		AF07B5ED29683CB4008FF23A /* Debug */ = {
			isa = XCBuildConfiguration;
			buildSettings = {
				ALWAYS_EMBED_SWIFT_STANDARD_LIBRARIES = YES;
				BUNDLE_LOADER = "$(TEST_HOST)";
				CODE_SIGN_STYLE = Automatic;
				CURRENT_PROJECT_VERSION = 1;
				DEVELOPMENT_TEAM = PJL4STJU48;
				GENERATE_INFOPLIST_FILE = YES;
				IPHONEOS_DEPLOYMENT_TARGET = 16.2;
				MARKETING_VERSION = 1.0;
				PRODUCT_BUNDLE_IDENTIFIER = wuqj.learn.landmarkTests;
				PRODUCT_NAME = "$(TARGET_NAME)";
				SWIFT_EMIT_LOC_STRINGS = NO;
				SWIFT_VERSION = 5.0;
				TARGETED_DEVICE_FAMILY = "1,2";
				TEST_HOST = "$(BUILT_PRODUCTS_DIR)/landmark.app/$(BUNDLE_EXECUTABLE_FOLDER_PATH)/landmark";
			};
			name = Debug;
		};
		AF07B5EE29683CB4008FF23A /* Release */ = {
			isa = XCBuildConfiguration;
			buildSettings = {
				ALWAYS_EMBED_SWIFT_STANDARD_LIBRARIES = YES;
				BUNDLE_LOADER = "$(TEST_HOST)";
				CODE_SIGN_STYLE = Automatic;
				CURRENT_PROJECT_VERSION = 1;
				DEVELOPMENT_TEAM = PJL4STJU48;
				GENERATE_INFOPLIST_FILE = YES;
				IPHONEOS_DEPLOYMENT_TARGET = 16.2;
				MARKETING_VERSION = 1.0;
				PRODUCT_BUNDLE_IDENTIFIER = wuqj.learn.landmarkTests;
				PRODUCT_NAME = "$(TARGET_NAME)";
				SWIFT_EMIT_LOC_STRINGS = NO;
				SWIFT_VERSION = 5.0;
				TARGETED_DEVICE_FAMILY = "1,2";
				TEST_HOST = "$(BUILT_PRODUCTS_DIR)/landmark.app/$(BUNDLE_EXECUTABLE_FOLDER_PATH)/landmark";
			};
			name = Release;
		};
		AF07B5F029683CB4008FF23A /* Debug */ = {
			isa = XCBuildConfiguration;
			buildSettings = {
				ALWAYS_EMBED_SWIFT_STANDARD_LIBRARIES = YES;
				CODE_SIGN_STYLE = Automatic;
				CURRENT_PROJECT_VERSION = 1;
				DEVELOPMENT_TEAM = PJL4STJU48;
				GENERATE_INFOPLIST_FILE = YES;
				MARKETING_VERSION = 1.0;
				PRODUCT_BUNDLE_IDENTIFIER = wuqj.learn.landmarkUITests;
				PRODUCT_NAME = "$(TARGET_NAME)";
				SWIFT_EMIT_LOC_STRINGS = NO;
				SWIFT_VERSION = 5.0;
				TARGETED_DEVICE_FAMILY = "1,2";
				TEST_TARGET_NAME = landmark;
			};
			name = Debug;
		};
		AF07B5F129683CB4008FF23A /* Release */ = {
			isa = XCBuildConfiguration;
			buildSettings = {
				ALWAYS_EMBED_SWIFT_STANDARD_LIBRARIES = YES;
				CODE_SIGN_STYLE = Automatic;
				CURRENT_PROJECT_VERSION = 1;
				DEVELOPMENT_TEAM = PJL4STJU48;
				GENERATE_INFOPLIST_FILE = YES;
				MARKETING_VERSION = 1.0;
				PRODUCT_BUNDLE_IDENTIFIER = wuqj.learn.landmarkUITests;
				PRODUCT_NAME = "$(TARGET_NAME)";
				SWIFT_EMIT_LOC_STRINGS = NO;
				SWIFT_VERSION = 5.0;
				TARGETED_DEVICE_FAMILY = "1,2";
				TEST_TARGET_NAME = landmark;
			};
			name = Release;
		};
/* End XCBuildConfiguration section */

/* Begin XCConfigurationList section */
		AF07B5C029683CB3008FF23A /* Build configuration list for PBXProject "landmark" */ = {
			isa = XCConfigurationList;
			buildConfigurations = (
				AF07B5E729683CB4008FF23A /* Debug */,
				AF07B5E829683CB4008FF23A /* Release */,
			);
			defaultConfigurationIsVisible = 0;
			defaultConfigurationName = Release;
		};
		AF07B5E929683CB4008FF23A /* Build configuration list for PBXNativeTarget "landmark" */ = {
			isa = XCConfigurationList;
			buildConfigurations = (
				AF07B5EA29683CB4008FF23A /* Debug */,
				AF07B5EB29683CB4008FF23A /* Release */,
			);
			defaultConfigurationIsVisible = 0;
			defaultConfigurationName = Release;
		};
		AF07B5EC29683CB4008FF23A /* Build configuration list for PBXNativeTarget "landmarkTests" */ = {
			isa = XCConfigurationList;
			buildConfigurations = (
				AF07B5ED29683CB4008FF23A /* Debug */,
				AF07B5EE29683CB4008FF23A /* Release */,
			);
			defaultConfigurationIsVisible = 0;
			defaultConfigurationName = Release;
		};
		AF07B5EF29683CB4008FF23A /* Build configuration list for PBXNativeTarget "landmarkUITests" */ = {
			isa = XCConfigurationList;
			buildConfigurations = (
				AF07B5F029683CB4008FF23A /* Debug */,
				AF07B5F129683CB4008FF23A /* Release */,
			);
			defaultConfigurationIsVisible = 0;
			defaultConfigurationName = Release;
		};
/* End XCConfigurationList section */
	};
	rootObject = AF07B5BD29683CB3008FF23A /* Project object */;
}
